
Microsoft Visual Studio Solution File, Format Version 12.00
# Visual Studio Version 18
VisualStudioVersion = 18.3.11505.172 d18.3
MinimumVisualStudioVersion = 10.0.40219.1
Project("{FAE04EC0-301F-11D3-BF4B-00C04F79EFBC}") = "ControleFinanceiro.Api", "ControleFinanceiro.Api\ControleFinanceiro.Api.csproj", "{AE89E873-871D-4C06-B858-1C35BA1A7377}"
EndProject
Project("{FAE04EC0-301F-11D3-BF4B-00C04F79EFBC}") = "ControleFinanceiro.Application", "ControleFinanceiro.Application\ControleFinanceiro.Application.csproj", "{0DD3CFA5-E661-4B28-A1CE-5032F265A8D2}"
EndProject
Project("{FAE04EC0-301F-11D3-BF4B-00C04F79EFBC}") = "ControleFinanceiro.Domain", "ControleFinanceiro.Domain\ControleFinanceiro.Domain.csproj", "{A75DDFB3-1A57-419B-9D11-05E89E41EF75}"
EndProject
Project("{FAE04EC0-301F-11D3-BF4B-00C04F79EFBC}") = "ControleFinanceiro.Infrastructure.IoC", "ControleFinanceiro.Infrastructure.IoC\ControleFinanceiro.Infrastructure.IoC.csproj", "{0923ABAD-3A2B-4D9B-AF90-8C60AE5BB227}"
EndProject
Project("{FAE04EC0-301F-11D3-BF4B-00C04F79EFBC}") = "ControleFinanceiro.Infrastructure", "ControleFinanceiro.Infrastructure\ControleFinanceiro.Infrastructure.csproj", "{0C5A404F-72CF-462E-B9FD-0321E79949E0}"
EndProject
Project("{FAE04EC0-301F-11D3-BF4B-00C04F79EFBC}") = "ControleFinanceiro.Application.Tests", "ControleFinanceiro.Application.Tests\ControleFinanceiro.Application.Tests.csproj", "{1DF586D8-08AD-4311-843D-831C881D48AC}"
EndProject
Project("{FAE04EC0-301F-11D3-BF4B-00C04F79EFBC}") = "ControleFinanceiro.Domain.Tests", "ControleFinanceiro.Domain.Tests\ControleFinanceiro.Domain.Tests.csproj", "{4C65217B-7267-455D-9D5F-0EDD03F3F658}"
EndProject
Project("{2150E333-8FDC-42A3-9474-1A3956D46DE8}") = "src", "src", "{CDDFEF48-3F2F-426F-80D1-872784BA2F63}"
EndProject
Project("{2150E333-8FDC-42A3-9474-1A3956D46DE8}") = "tests", "tests", "{D8F55049-CDC8-4733-8E25-38633C78AEA9}"
EndProject
Project("{2150E333-8FDC-42A3-9474-1A3956D46DE8}") = "API", "API", "{F294E275-6293-463D-ACA2-F5613CBDE8FC}"
EndProject
Project("{2150E333-8FDC-42A3-9474-1A3956D46DE8}") = "Application", "Application", "{812B7231-0A7C-4278-94F0-077055B40451}"
EndProject
Project("{2150E333-8FDC-42A3-9474-1A3956D46DE8}") = "Domain", "Domain", "{2D139732-5E59-4C52-98AD-9C9CD0B644DA}"
EndProject
Project("{2150E333-8FDC-42A3-9474-1A3956D46DE8}") = "Infraestructure", "Infraestructure", "{D617A5F5-D578-49D3-8E18-D3ABE4732386}"
EndProject
Global
	GlobalSection(SolutionConfigurationPlatforms) = preSolution
		Debug|Any CPU = Debug|Any CPU
		Debug|x64 = Debug|x64
		Debug|x86 = Debug|x86
		Release|Any CPU = Release|Any CPU
		Release|x64 = Release|x64
		Release|x86 = Release|x86
	EndGlobalSection
	GlobalSection(ProjectConfigurationPlatforms) = postSolution
		{AE89E873-871D-4C06-B858-1C35BA1A7377}.Debug|Any CPU.ActiveCfg = Debug|Any CPU
		{AE89E873-871D-4C06-B858-1C35BA1A7377}.Debug|Any CPU.Build.0 = Debug|Any CPU
		{AE89E873-871D-4C06-B858-1C35BA1A7377}.Debug|x64.ActiveCfg = Debug|Any CPU
		{AE89E873-871D-4C06-B858-1C35BA1A7377}.Debug|x64.Build.0 = Debug|Any CPU
		{AE89E873-871D-4C06-B858-1C35BA1A7377}.Debug|x86.ActiveCfg = Debug|Any CPU
		{AE89E873-871D-4C06-B858-1C35BA1A7377}.Debug|x86.Build.0 = Debug|Any CPU
		{AE89E873-871D-4C06-B858-1C35BA1A7377}.Release|Any CPU.ActiveCfg = Release|Any CPU
		{AE89E873-871D-4C06-B858-1C35BA1A7377}.Release|Any CPU.Build.0 = Release|Any CPU
		{AE89E873-871D-4C06-B858-1C35BA1A7377}.Release|x64.ActiveCfg = Release|Any CPU
		{AE89E873-871D-4C06-B858-1C35BA1A7377}.Release|x64.Build.0 = Release|Any CPU
		{AE89E873-871D-4C06-B858-1C35BA1A7377}.Release|x86.ActiveCfg = Release|Any CPU
		{AE89E873-871D-4C06-B858-1C35BA1A7377}.Release|x86.Build.0 = Release|Any CPU
		{0DD3CFA5-E661-4B28-A1CE-5032F265A8D2}.Debug|Any CPU.ActiveCfg = Debug|Any CPU
		{0DD3CFA5-E661-4B28-A1CE-5032F265A8D2}.Debug|Any CPU.Build.0 = Debug|Any CPU
		{0DD3CFA5-E661-4B28-A1CE-5032F265A8D2}.Debug|x64.ActiveCfg = Debug|Any CPU
		{0DD3CFA5-E661-4B28-A1CE-5032F265A8D2}.Debug|x64.Build.0 = Debug|Any CPU
		{0DD3CFA5-E661-4B28-A1CE-5032F265A8D2}.Debug|x86.ActiveCfg = Debug|Any CPU
		{0DD3CFA5-E661-4B28-A1CE-5032F265A8D2}.Debug|x86.Build.0 = Debug|Any CPU
		{0DD3CFA5-E661-4B28-A1CE-5032F265A8D2}.Release|Any CPU.ActiveCfg = Release|Any CPU
		{0DD3CFA5-E661-4B28-A1CE-5032F265A8D2}.Release|Any CPU.Build.0 = Release|Any CPU
		{0DD3CFA5-E661-4B28-A1CE-5032F265A8D2}.Release|x64.ActiveCfg = Release|Any CPU
		{0DD3CFA5-E661-4B28-A1CE-5032F265A8D2}.Release|x64.Build.0 = Release|Any CPU
		{0DD3CFA5-E661-4B28-A1CE-5032F265A8D2}.Release|x86.ActiveCfg = Release|Any CPU
		{0DD3CFA5-E661-4B28-A1CE-5032F265A8D2}.Release|x86.Build.0 = Release|Any CPU
		{A75DDFB3-1A57-419B-9D11-05E89E41EF75}.Debug|Any CPU.ActiveCfg = Debug|Any CPU
		{A75DDFB3-1A57-419B-9D11-05E89E41EF75}.Debug|Any CPU.Build.0 = Debug|Any CPU
		{A75DDFB3-1A57-419B-9D11-05E89E41EF75}.Debug|x64.ActiveCfg = Debug|Any CPU
		{A75DDFB3-1A57-419B-9D11-05E89E41EF75}.Debug|x64.Build.0 = Debug|Any CPU
		{A75DDFB3-1A57-419B-9D11-05E89E41EF75}.Debug|x86.ActiveCfg = Debug|Any CPU
		{A75DDFB3-1A57-419B-9D11-05E89E41EF75}.Debug|x86.Build.0 = Debug|Any CPU
		{A75DDFB3-1A57-419B-9D11-05E89E41EF75}.Release|Any CPU.ActiveCfg = Release|Any CPU
		{A75DDFB3-1A57-419B-9D11-05E89E41EF75}.Release|Any CPU.Build.0 = Release|Any CPU
		{A75DDFB3-1A57-419B-9D11-05E89E41EF75}.Release|x64.ActiveCfg = Release|Any CPU
		{A75DDFB3-1A57-419B-9D11-05E89E41EF75}.Release|x64.Build.0 = Release|Any CPU
		{A75DDFB3-1A57-419B-9D11-05E89E41EF75}.Release|x86.ActiveCfg = Release|Any CPU
		{A75DDFB3-1A57-419B-9D11-05E89E41EF75}.Release|x86.Build.0 = Release|Any CPU
		{0923ABAD-3A2B-4D9B-AF90-8C60AE5BB227}.Debug|Any CPU.ActiveCfg = Debug|Any CPU
		{0923ABAD-3A2B-4D9B-AF90-8C60AE5BB227}.Debug|Any CPU.Build.0 = Debug|Any CPU
		{0923ABAD-3A2B-4D9B-AF90-8C60AE5BB227}.Debug|x64.ActiveCfg = Debug|Any CPU
		{0923ABAD-3A2B-4D9B-AF90-8C60AE5BB227}.Debug|x64.Build.0 = Debug|Any CPU
		{0923ABAD-3A2B-4D9B-AF90-8C60AE5BB227}.Debug|x86.ActiveCfg = Debug|Any CPU
		{0923ABAD-3A2B-4D9B-AF90-8C60AE5BB227}.Debug|x86.Build.0 = Debug|Any CPU
		{0923ABAD-3A2B-4D9B-AF90-8C60AE5BB227}.Release|Any CPU.ActiveCfg = Release|Any CPU
		{0923ABAD-3A2B-4D9B-AF90-8C60AE5BB227}.Release|Any CPU.Build.0 = Release|Any CPU
		{0923ABAD-3A2B-4D9B-AF90-8C60AE5BB227}.Release|x64.ActiveCfg = Release|Any CPU
		{0923ABAD-3A2B-4D9B-AF90-8C60AE5BB227}.Release|x64.Build.0 = Release|Any CPU
		{0923ABAD-3A2B-4D9B-AF90-8C60AE5BB227}.Release|x86.ActiveCfg = Release|Any CPU
		{0923ABAD-3A2B-4D9B-AF90-8C60AE5BB227}.Release|x86.Build.0 = Release|Any CPU
		{0C5A404F-72CF-462E-B9FD-0321E79949E0}.Debug|Any CPU.ActiveCfg = Debug|Any CPU
		{0C5A404F-72CF-462E-B9FD-0321E79949E0}.Debug|Any CPU.Build.0 = Debug|Any CPU
		{0C5A404F-72CF-462E-B9FD-0321E79949E0}.Debug|x64.ActiveCfg = Debug|Any CPU
		{0C5A404F-72CF-462E-B9FD-0321E79949E0}.Debug|x64.Build.0 = Debug|Any CPU
		{0C5A404F-72CF-462E-B9FD-0321E79949E0}.Debug|x86.ActiveCfg = Debug|Any CPU
		{0C5A404F-72CF-462E-B9FD-0321E79949E0}.Debug|x86.Build.0 = Debug|Any CPU
		{0C5A404F-72CF-462E-B9FD-0321E79949E0}.Release|Any CPU.ActiveCfg = Release|Any CPU
		{0C5A404F-72CF-462E-B9FD-0321E79949E0}.Release|Any CPU.Build.0 = Release|Any CPU
		{0C5A404F-72CF-462E-B9FD-0321E79949E0}.Release|x64.ActiveCfg = Release|Any CPU
		{0C5A404F-72CF-462E-B9FD-0321E79949E0}.Release|x64.Build.0 = Release|Any CPU
		{0C5A404F-72CF-462E-B9FD-0321E79949E0}.Release|x86.ActiveCfg = Release|Any CPU
		{0C5A404F-72CF-462E-B9FD-0321E79949E0}.Release|x86.Build.0 = Release|Any CPU
		{1DF586D8-08AD-4311-843D-831C881D48AC}.Debug|Any CPU.ActiveCfg = Debug|Any CPU
		{1DF586D8-08AD-4311-843D-831C881D48AC}.Debug|Any CPU.Build.0 = Debug|Any CPU
		{1DF586D8-08AD-4311-843D-831C881D48AC}.Debug|x64.ActiveCfg = Debug|Any CPU
		{1DF586D8-08AD-4311-843D-831C881D48AC}.Debug|x64.Build.0 = Debug|Any CPU
		{1DF586D8-08AD-4311-843D-831C881D48AC}.Debug|x86.ActiveCfg = Debug|Any CPU
		{1DF586D8-08AD-4311-843D-831C881D48AC}.Debug|x86.Build.0 = Debug|Any CPU
		{1DF586D8-08AD-4311-843D-831C881D48AC}.Release|Any CPU.ActiveCfg = Release|Any CPU
		{1DF586D8-08AD-4311-843D-831C881D48AC}.Release|Any CPU.Build.0 = Release|Any CPU
		{1DF586D8-08AD-4311-843D-831C881D48AC}.Release|x64.ActiveCfg = Release|Any CPU
		{1DF586D8-08AD-4311-843D-831C881D48AC}.Release|x64.Build.0 = Release|Any CPU
		{1DF586D8-08AD-4311-843D-831C881D48AC}.Release|x86.ActiveCfg = Release|Any CPU
		{1DF586D8-08AD-4311-843D-831C881D48AC}.Release|x86.Build.0 = Release|Any CPU
		{4C65217B-7267-455D-9D5F-0EDD03F3F658}.Debug|Any CPU.ActiveCfg = Debug|Any CPU
		{4C65217B-7267-455D-9D5F-0EDD03F3F658}.Debug|Any CPU.Build.0 = Debug|Any CPU
		{4C65217B-7267-455D-9D5F-0EDD03F3F658}.Debug|x64.ActiveCfg = Debug|Any CPU
		{4C65217B-7267-455D-9D5F-0EDD03F3F658}.Debug|x64.Build.0 = Debug|Any CPU
		{4C65217B-7267-455D-9D5F-0EDD03F3F658}.Debug|x86.ActiveCfg = Debug|Any CPU
		{4C65217B-7267-455D-9D5F-0EDD03F3F658}.Debug|x86.Build.0 = Debug|Any CPU
		{4C65217B-7267-455D-9D5F-0EDD03F3F658}.Release|Any CPU.ActiveCfg = Release|Any CPU
		{4C65217B-7267-455D-9D5F-0EDD03F3F658}.Release|Any CPU.Build.0 = Release|Any CPU
		{4C65217B-7267-455D-9D5F-0EDD03F3F658}.Release|x64.ActiveCfg = Release|Any CPU
		{4C65217B-7267-455D-9D5F-0EDD03F3F658}.Release|x64.Build.0 = Release|Any CPU
		{4C65217B-7267-455D-9D5F-0EDD03F3F658}.Release|x86.ActiveCfg = Release|Any CPU
		{4C65217B-7267-455D-9D5F-0EDD03F3F658}.Release|x86.Build.0 = Release|Any CPU
	EndGlobalSection
	GlobalSection(SolutionProperties) = preSolution
		HideSolutionNode = FALSE
	EndGlobalSection
	GlobalSection(NestedProjects) = preSolution
		{AE89E873-871D-4C06-B858-1C35BA1A7377} = {F294E275-6293-463D-ACA2-F5613CBDE8FC}
		{0DD3CFA5-E661-4B28-A1CE-5032F265A8D2} = {812B7231-0A7C-4278-94F0-077055B40451}
		{A75DDFB3-1A57-419B-9D11-05E89E41EF75} = {2D139732-5E59-4C52-98AD-9C9CD0B644DA}
		{0923ABAD-3A2B-4D9B-AF90-8C60AE5BB227} = {D617A5F5-D578-49D3-8E18-D3ABE4732386}
		{0C5A404F-72CF-462E-B9FD-0321E79949E0} = {D617A5F5-D578-49D3-8E18-D3ABE4732386}
		{1DF586D8-08AD-4311-843D-831C881D48AC} = {D8F55049-CDC8-4733-8E25-38633C78AEA9}
		{4C65217B-7267-455D-9D5F-0EDD03F3F658} = {D8F55049-CDC8-4733-8E25-38633C78AEA9}
		{F294E275-6293-463D-ACA2-F5613CBDE8FC} = {CDDFEF48-3F2F-426F-80D1-872784BA2F63}
		{812B7231-0A7C-4278-94F0-077055B40451} = {CDDFEF48-3F2F-426F-80D1-872784BA2F63}
		{2D139732-5E59-4C52-98AD-9C9CD0B644DA} = {CDDFEF48-3F2F-426F-80D1-872784BA2F63}
		{D617A5F5-D578-49D3-8E18-D3ABE4732386} = {CDDFEF48-3F2F-426F-80D1-872784BA2F63}
	EndGlobalSection
EndGlobal
